
Microsoft Visual Studio Solution File, Format Version 12.00
# Visual Studio 15
VisualStudioVersion = 15.0.27703.2000
MinimumVisualStudioVersion = 10.0.40219.1
Project("{FAE04EC0-301F-11D3-BF4B-00C04F79EFBC}") = "WebApplication1", "WebApplication1\WebApplication1.csproj", "{250BA09F-BE45-4F26-95D5-4D4440E1C9C4}"
EndProject
Project("{FAE04EC0-301F-11D3-BF4B-00C04F79EFBC}") = "DataLayer", "DataLayer\DataLayer.csproj", "{C3E1429A-C7FB-47FA-9A4D-DB8B8B682A81}"
EndProject
Project("{FAE04EC0-301F-11D3-BF4B-00C04F79EFBC}") = "BuissnesLayer", "BuissnesLayer\BuissnesLayer.csproj", "{65A3A984-776F-4234-8653-53EFD86D5839}"
EndProject
Project("{FAE04EC0-301F-11D3-BF4B-00C04F79EFBC}") = "PresentationLayer", "PresentationLayer\PresentationLayer.csproj", "{A14CF981-6FAF-4562-81CF-2C43030C1932}"
EndProject
Global
	GlobalSection(SolutionConfigurationPlatforms) = preSolution
		Debug|Any CPU = Debug|Any CPU
		Release|Any CPU = Release|Any CPU
	EndGlobalSection
	GlobalSection(ProjectConfigurationPlatforms) = postSolution
		{250BA09F-BE45-4F26-95D5-4D4440E1C9C4}.Debug|Any CPU.ActiveCfg = Debug|Any CPU
		{250BA09F-BE45-4F26-95D5-4D4440E1C9C4}.Debug|Any CPU.Build.0 = Debug|Any CPU
		{250BA09F-BE45-4F26-95D5-4D4440E1C9C4}.Release|Any CPU.ActiveCfg = Release|Any CPU
		{250BA09F-BE45-4F26-95D5-4D4440E1C9C4}.Release|Any CPU.Build.0 = Release|Any CPU
		{C3E1429A-C7FB-47FA-9A4D-DB8B8B682A81}.Debug|Any CPU.ActiveCfg = Debug|Any CPU
		{C3E1429A-C7FB-47FA-9A4D-DB8B8B682A81}.Debug|Any CPU.Build.0 = Debug|Any CPU
		{C3E1429A-C7FB-47FA-9A4D-DB8B8B682A81}.Release|Any CPU.ActiveCfg = Release|Any CPU
		{C3E1429A-C7FB-47FA-9A4D-DB8B8B682A81}.Release|Any CPU.Build.0 = Release|Any CPU
		{65A3A984-776F-4234-8653-53EFD86D5839}.Debug|Any CPU.ActiveCfg = Debug|Any CPU
		{65A3A984-776F-4234-8653-53EFD86D5839}.Debug|Any CPU.Build.0 = Debug|Any CPU
		{65A3A984-776F-4234-8653-53EFD86D5839}.Release|Any CPU.ActiveCfg = Release|Any CPU
		{65A3A984-776F-4234-8653-53EFD86D5839}.Release|Any CPU.Build.0 = Release|Any CPU
		{A14CF981-6FAF-4562-81CF-2C43030C1932}.Debug|Any CPU.ActiveCfg = Debug|Any CPU
		{A14CF981-6FAF-4562-81CF-2C43030C1932}.Debug|Any CPU.Build.0 = Debug|Any CPU
		{A14CF981-6FAF-4562-81CF-2C43030C1932}.Release|Any CPU.ActiveCfg = Release|Any CPU
		{A14CF981-6FAF-4562-81CF-2C43030C1932}.Release|Any CPU.Build.0 = Release|Any CPU
	EndGlobalSection
	GlobalSection(SolutionProperties) = preSolution
		HideSolutionNode = FALSE
	EndGlobalSection
	GlobalSection(ExtensibilityGlobals) = postSolution
		SolutionGuid = {63EA9B06-B190-4685-8DDB-9F6638E09108}
	EndGlobalSection
EndGlobal
